<?xml version="1.0" encoding="utf-8"?>
<Project ToolsVersion="4.0" xmlns="http://schemas.microsoft.com/developer/msbuild/2003">
  <ItemGroup>
    <Filter Include="ソース ファイル">
      <UniqueIdentifier>{4FC737F1-C7A5-4376-A066-2A32D752A2FF}</UniqueIdentifier>
      <Extensions>cpp;c;cc;cxx;c++;cppm;ixx;def;odl;idl;hpj;bat;asm;asmx</Extensions>
    </Filter>
    <Filter Include="ヘッダー ファイル">
      <UniqueIdentifier>{93995380-89BD-4b04-88EB-625FBE52EBFB}</UniqueIdentifier>
      <Extensions>h;hh;hpp;hxx;h++;hm;inl;inc;ipp;xsd</Extensions>
    </Filter>
    <Filter Include="リソース ファイル">
      <UniqueIdentifier>{67DA6AB6-F800-4c08-8B7A-83BB121AAD01}</UniqueIdentifier>
      <Extensions>rc;ico;cur;bmp;dlg;rc2;rct;bin;rgs;gif;jpg;jpeg;jpe;resx;tiff;tif;png;wav;mfcribbon-ms</Extensions>
    </Filter>
    <Filter Include="Scene">
      <UniqueIdentifier>{1c174cb5-4d29-445a-bfce-736996fa6199}</UniqueIdentifier>
    </Filter>
    <Filter Include="Player">
      <UniqueIdentifier>{13e7b584-7d7e-414b-8416-952644acaed9}</UniqueIdentifier>
    </Filter>
    <Filter Include="Camera">
      <UniqueIdentifier>{675d6977-9d53-460c-803f-084af6c7fce1}</UniqueIdentifier>
    </Filter>
    <Filter Include="Enemy">
      <UniqueIdentifier>{455e4cba-f5d1-4e3e-8774-718ec0c26255}</UniqueIdentifier>
    </Filter>
    <Filter Include="Weapon">
      <UniqueIdentifier>{738f7430-970f-4596-8ec6-43f55b8a40c6}</UniqueIdentifier>
    </Filter>
    <Filter Include="CircleShadow">
      <UniqueIdentifier>{4ce0929a-fc50-4017-93a9-81db94bed9d3}</UniqueIdentifier>
    </Filter>
  </ItemGroup>
  <ItemGroup>
    <ClCompile Include="main.cpp">
      <Filter>ソース ファイル</Filter>
    </ClCompile>
    <ClCompile Include="App\Player\Player.cpp">
      <Filter>Player</Filter>
    </ClCompile>
    <ClCompile Include="App\Scene\GameScene.cpp">
      <Filter>Scene</Filter>
    </ClCompile>
    <ClCompile Include="App\Camera\FllowCamera.cpp">
      <Filter>Camera</Filter>
    </ClCompile>
    <ClCompile Include="App\Enemy\Enemy.cpp">
      <Filter>Enemy</Filter>
    </ClCompile>
    <ClCompile Include="App\CircleShadow\CircleShadow.cpp">
      <Filter>CircleShadow</Filter>
    </ClCompile>
    <ClCompile Include="App\Enemy\EnemyManager.cpp">
      <Filter>Enemy</Filter>
    </ClCompile>
    <ClCompile Include="App\Weapon\Sword.cpp">
      <Filter>Weapon</Filter>
    </ClCompile>
  </ItemGroup>
  <ItemGroup>
    <ClInclude Include="App\Player\Player.h">
      <Filter>Player</Filter>
    </ClInclude>
    <ClInclude Include="App\Scene\GameScene.h">
      <Filter>Scene</Filter>
    </ClInclude>
    <ClInclude Include="App\Camera\FllowCamera.h">
      <Filter>Camera</Filter>
    </ClInclude>
    <ClInclude Include="App\Enemy\BaseEnemy.h">
      <Filter>Enemy</Filter>
    </ClInclude>
    <ClInclude Include="App\Enemy\Enemy.h">
      <Filter>Enemy</Filter>
    </ClInclude>
    <ClInclude Include="App\Weapon\IWeapon.h">
      <Filter>Weapon</Filter>
    </ClInclude>
    <ClInclude Include="App\Weapon\Sword.h">
      <Filter>Weapon</Filter>
    </ClInclude>
    <ClInclude Include="App\Enemy\EnemyManager.h">
      <Filter>Enemy</Filter>
    </ClInclude>
    <ClInclude Include="App\CircleShadow\CircleShadow.h">
      <Filter>CircleShadow</Filter>
    </ClInclude>
  </ItemGroup>
</Project>